<?xml version="1.0" encoding="utf-8"?>
<Project ToolsVersion="4.0" xmlns="http://schemas.microsoft.com/developer/msbuild/2003">
  <ItemGroup>
    <ClInclude Include="include\Engine.h" />
    <ClInclude Include="include\Game.h" />
    <ClInclude Include="include\IGame.h" />
    <ClInclude Include="include\Camera.h" />
    <ClInclude Include="src\gfx\TextureManager.h" />
    <ClInclude Include="include\Game\GameTypes.h" />
    <ClInclude Include="include\Game\Assets.h" />
    <ClInclude Include="include\Game\Collision.h" />
    <ClInclude Include="include\ui\HUD.h" />
    <ClInclude Include="include\ui\TextLabel.h" />
    <ClInclude Include="include\Anim\AnimationClip.h" />
    <ClInclude Include="include\Anim\Animator.h" />
    <ClInclude Include="include\Engine\ECS\Registry.h" />
    <ClInclude Include="include\Engine\ECS\ComponentPool.h" />
    <ClInclude Include="include\Engine\ECS\Entity.h" />
  </ItemGroup>
  <ItemGroup>
    <ClCompile Include="src\main.cpp" />
    <ClCompile Include="src\engine.cpp" />
    <ClCompile Include="src\Game.cpp" />
    <ClCompile Include="src\Camera.cpp" />
    <ClCompile Include="src\gfx\TextureManager.cpp" />
    <ClCompile Include="src\ui\HUD.cpp" />
    <ClCompile Include="src\ui\TextLabel.cpp" />
  </ItemGroup>
</Project>